
Microsoft Visual Studio Solution File, Format Version 12.00
# Visual Studio Version 16
VisualStudioVersion = 16.0.31515.178
MinimumVisualStudioVersion = 10.0.40219.1
Project("{FAE04EC0-301F-11D3-BF4B-00C04F79EFBC}") = "SELLERMVC", "SELLERMVC\SELLERMVC.csproj", "{3EC72CC6-8A2A-4E94-BED7-06BF6BD39181}"
EndProject
Global
	GlobalSection(SolutionConfigurationPlatforms) = preSolution
		Debug|Any CPU = Debug|Any CPU
		Release|Any CPU = Release|Any CPU
	EndGlobalSection
	GlobalSection(ProjectConfigurationPlatforms) = postSolution
		{3EC72CC6-8A2A-4E94-BED7-06BF6BD39181}.Debug|Any CPU.ActiveCfg = Debug|Any CPU
		{3EC72CC6-8A2A-4E94-BED7-06BF6BD39181}.Debug|Any CPU.Build.0 = Debug|Any CPU
		{3EC72CC6-8A2A-4E94-BED7-06BF6BD39181}.Release|Any CPU.ActiveCfg = Release|Any CPU
		{3EC72CC6-8A2A-4E94-BED7-06BF6BD39181}.Release|Any CPU.Build.0 = Release|Any CPU
	EndGlobalSection
	GlobalSection(SolutionProperties) = preSolution
		HideSolutionNode = FALSE
	EndGlobalSection
	GlobalSection(ExtensibilityGlobals) = postSolution
		SolutionGuid = {35261530-096E-46BA-9A4E-289836FE1158}
	EndGlobalSection
EndGlobal
